
Microsoft Visual Studio Solution File, Format Version 12.00
# Visual Studio 2012
Project("{FAE04EC0-301F-11D3-BF4B-00C04F79EFBC}") = "Problem 17 - Number letter counts - nw", "Problem 17 - Number letter counts\Problem 17 - Number letter counts - nw.csproj", "{94F09066-E7A6-4439-934E-DA1B1273637E}"
EndProject
Project("{FAE04EC0-301F-11D3-BF4B-00C04F79EFBC}") = "Problem 14 - Longest Collatz sequence", "Problem 14 - Longest Collatz sequence\Problem 14 - Longest Collatz sequence.csproj", "{DF052393-D76B-47B1-93DE-9D144BE19927}"
EndProject
Project("{FAE04EC0-301F-11D3-BF4B-00C04F79EFBC}") = "Problem 18 - Maximum path sum I", "Problem 18 - Maximum path sum I\Problem 18 - Maximum path sum I.csproj", "{62B825EB-0904-471D-B67C-6239C9999611}"
EndProject
Project("{FAE04EC0-301F-11D3-BF4B-00C04F79EFBC}") = "Problem 4 - Largest Palindrome Product", "Problem 4 - Largest Palindrome Product\Problem 4 - Largest Palindrome Product.csproj", "{E21B9FE4-C56B-4F8F-9026-E5BB63FBD99E}"
EndProject
Project("{FAE04EC0-301F-11D3-BF4B-00C04F79EFBC}") = "Problem 9 - Special Pythagorean Triplet", "Problem 9 - Special Pythagorean Triplet\Problem 9 - Special Pythagorean Triplet.csproj", "{D46588D4-402A-47CE-AB36-0DFF1BDB0173}"
EndProject
Project("{FAE04EC0-301F-11D3-BF4B-00C04F79EFBC}") = "Problem 11 - Largest Product In A Grid", "Problem 11 - Largest Product In A Grid\Problem 11 - Largest Product In A Grid.csproj", "{99B13C2E-ED0F-4630-9680-1E0F86A29B40}"
EndProject
Project("{FAE04EC0-301F-11D3-BF4B-00C04F79EFBC}") = "Problem 12 - Highly divisible triangular number", "Problem 12 - Highly divisible triangular number\Problem 12 - Highly divisible triangular number.csproj", "{7D079C9F-37D3-44D9-93E9-66FB2682BF14}"
EndProject
Project("{FAE04EC0-301F-11D3-BF4B-00C04F79EFBC}") = "Problem 67 - Maximum path sum II", "Problem 67 - Maximum path sum II\Problem 67 - Maximum path sum II.csproj", "{EB45463C-932F-4FA1-A319-1A3371CA6E86}"
EndProject
Project("{FAE04EC0-301F-11D3-BF4B-00C04F79EFBC}") = "Problem 15 - Lattice paths", "Problem 15 - Lattice paths\Problem 15 - Lattice paths.csproj", "{4015027F-6243-437C-A8B4-E91D756ADDB5}"
EndProject
Global
	GlobalSection(SolutionConfigurationPlatforms) = preSolution
		Debug|Any CPU = Debug|Any CPU
		Release|Any CPU = Release|Any CPU
	EndGlobalSection
	GlobalSection(ProjectConfigurationPlatforms) = postSolution
		{94F09066-E7A6-4439-934E-DA1B1273637E}.Debug|Any CPU.ActiveCfg = Debug|Any CPU
		{94F09066-E7A6-4439-934E-DA1B1273637E}.Debug|Any CPU.Build.0 = Debug|Any CPU
		{94F09066-E7A6-4439-934E-DA1B1273637E}.Release|Any CPU.ActiveCfg = Release|Any CPU
		{94F09066-E7A6-4439-934E-DA1B1273637E}.Release|Any CPU.Build.0 = Release|Any CPU
		{DF052393-D76B-47B1-93DE-9D144BE19927}.Debug|Any CPU.ActiveCfg = Debug|Any CPU
		{DF052393-D76B-47B1-93DE-9D144BE19927}.Debug|Any CPU.Build.0 = Debug|Any CPU
		{DF052393-D76B-47B1-93DE-9D144BE19927}.Release|Any CPU.ActiveCfg = Release|Any CPU
		{DF052393-D76B-47B1-93DE-9D144BE19927}.Release|Any CPU.Build.0 = Release|Any CPU
		{62B825EB-0904-471D-B67C-6239C9999611}.Debug|Any CPU.ActiveCfg = Debug|Any CPU
		{62B825EB-0904-471D-B67C-6239C9999611}.Debug|Any CPU.Build.0 = Debug|Any CPU
		{62B825EB-0904-471D-B67C-6239C9999611}.Release|Any CPU.ActiveCfg = Release|Any CPU
		{62B825EB-0904-471D-B67C-6239C9999611}.Release|Any CPU.Build.0 = Release|Any CPU
		{E21B9FE4-C56B-4F8F-9026-E5BB63FBD99E}.Debug|Any CPU.ActiveCfg = Debug|Any CPU
		{E21B9FE4-C56B-4F8F-9026-E5BB63FBD99E}.Debug|Any CPU.Build.0 = Debug|Any CPU
		{E21B9FE4-C56B-4F8F-9026-E5BB63FBD99E}.Release|Any CPU.ActiveCfg = Release|Any CPU
		{E21B9FE4-C56B-4F8F-9026-E5BB63FBD99E}.Release|Any CPU.Build.0 = Release|Any CPU
		{D46588D4-402A-47CE-AB36-0DFF1BDB0173}.Debug|Any CPU.ActiveCfg = Debug|Any CPU
		{D46588D4-402A-47CE-AB36-0DFF1BDB0173}.Debug|Any CPU.Build.0 = Debug|Any CPU
		{D46588D4-402A-47CE-AB36-0DFF1BDB0173}.Release|Any CPU.ActiveCfg = Release|Any CPU
		{D46588D4-402A-47CE-AB36-0DFF1BDB0173}.Release|Any CPU.Build.0 = Release|Any CPU
		{99B13C2E-ED0F-4630-9680-1E0F86A29B40}.Debug|Any CPU.ActiveCfg = Debug|Any CPU
		{99B13C2E-ED0F-4630-9680-1E0F86A29B40}.Debug|Any CPU.Build.0 = Debug|Any CPU
		{99B13C2E-ED0F-4630-9680-1E0F86A29B40}.Release|Any CPU.ActiveCfg = Release|Any CPU
		{99B13C2E-ED0F-4630-9680-1E0F86A29B40}.Release|Any CPU.Build.0 = Release|Any CPU
		{7D079C9F-37D3-44D9-93E9-66FB2682BF14}.Debug|Any CPU.ActiveCfg = Debug|Any CPU
		{7D079C9F-37D3-44D9-93E9-66FB2682BF14}.Debug|Any CPU.Build.0 = Debug|Any CPU
		{7D079C9F-37D3-44D9-93E9-66FB2682BF14}.Release|Any CPU.ActiveCfg = Release|Any CPU
		{7D079C9F-37D3-44D9-93E9-66FB2682BF14}.Release|Any CPU.Build.0 = Release|Any CPU
		{EB45463C-932F-4FA1-A319-1A3371CA6E86}.Debug|Any CPU.ActiveCfg = Debug|Any CPU
		{EB45463C-932F-4FA1-A319-1A3371CA6E86}.Debug|Any CPU.Build.0 = Debug|Any CPU
		{EB45463C-932F-4FA1-A319-1A3371CA6E86}.Release|Any CPU.ActiveCfg = Release|Any CPU
		{EB45463C-932F-4FA1-A319-1A3371CA6E86}.Release|Any CPU.Build.0 = Release|Any CPU
		{4015027F-6243-437C-A8B4-E91D756ADDB5}.Debug|Any CPU.ActiveCfg = Debug|Any CPU
		{4015027F-6243-437C-A8B4-E91D756ADDB5}.Debug|Any CPU.Build.0 = Debug|Any CPU
		{4015027F-6243-437C-A8B4-E91D756ADDB5}.Release|Any CPU.ActiveCfg = Release|Any CPU
		{4015027F-6243-437C-A8B4-E91D756ADDB5}.Release|Any CPU.Build.0 = Release|Any CPU
	EndGlobalSection
	GlobalSection(SolutionProperties) = preSolution
		HideSolutionNode = FALSE
	EndGlobalSection
EndGlobal
